{
  "name": "my-claude-commands",
  "lockfileVersion": 3,
  "requires": true,
  "packages": {
    "": {
      "name": "my-claude-commands",
      "dependencies": {
        "react-agentic": "file:.."
      },
      "devDependencies": {
        "@types/react": "^19.0.0"
      }
    },
    "..": {
      "version": "0.1.0",
      "license": "MIT",
      "dependencies": {
        "cat-names": "^4.0.0",
        "chokidar": "^5.0.0",
        "commander": "^14.0.2",
        "globby": "^16.1.0",
        "gray-matter": "^4.0.3",
        "picocolors": "^1.1.1",
        "ts-morph": "^27.0.2"
      },
      "bin": {
        "react-agentic": "dist/cli/index.js"
      },
      "devDependencies": {
        "@types/node": "^25.0.9",
        "@types/react": "^19.1.6",
        "esbuild": "^0.27.2",
        "tsup": "^8.5.1",
        "tsx": "^4.21.0",
        "typescript": "^5.9.3",
        "vitest": "^4.0.17"
      },
      "engines": {
        "node": ">=18.0.0"
      },
      "peerDependencies": {
        "@types/react": ">=18.0.0"
      },
      "peerDependenciesMeta": {
        "@types/react": {
          "optional": true
        }
      }
    },
    "node_modules/@types/react": {
      "version": "19.2.10",
      "resolved": "https://registry.npmjs.org/@types/react/-/react-19.2.10.tgz",
      "integrity": "sha512-WPigyYuGhgZ/cTPRXB2EwUw+XvsRA3GqHlsP4qteqrnnjDrApbS7MxcGr/hke5iUoeB7E/gQtrs9I37zAJ0Vjw==",
      "dev": true,
      "license": "MIT",
      "dependencies": {
        "csstype": "^3.2.2"
      }
    },
    "node_modules/csstype": {
      "version": "3.2.3",
      "resolved": "https://registry.npmjs.org/csstype/-/csstype-3.2.3.tgz",
      "integrity": "sha512-z1HGKcYy2xA8AGQfwrn0PAy+PB7X/GSj3UVJW9qKyn43xWa+gl5nXmU4qqLMRzWVLFC8KusUX8T/0kCiOYpAIQ==",
      "dev": true,
      "license": "MIT"
    },
    "node_modules/react-agentic": {
      "resolved": "..",
      "link": true
    }
  }
}
